# This file is automatically @generated by Cargo.
# It is not intended for manual editing.
version = 4

[[package]]
name = "ark-cli"
version = "0.1.0"

[[package]]
name = "ark-core"
version = "0.1.0"

[[package]]
name = "ark-engines-claude-code"
version = "0.1.0"

[[package]]
name = "ark-hook"
version = "0.1.0"

[[package]]
name = "ark-mux-zellij"
version = "0.1.0"

[[package]]
name = "ark-orchestrators-cavekit"
version = "0.1.0"

[[package]]
name = "ark-orchestrators-claude-code"
version = "0.1.0"

[[package]]
name = "ark-pane"
version = "0.1.0"

[[package]]
name = "ark-plugin-picker"
version = "0.1.0"

[[package]]
name = "ark-plugin-status"
version = "0.1.0"

[[package]]
name = "ark-test-fixtures"
version = "0.1.0"

[[package]]
name = "ark-types"
version = "0.1.0"
